
Microsoft Visual Studio Solution File, Format Version 12.00
# Visual Studio 14
VisualStudioVersion = 14.0.25420.1
MinimumVisualStudioVersion = 10.0.40219.1
Project("{FAE04EC0-301F-11D3-BF4B-00C04F79EFBC}") = "ExcellentResult", "ExcellentResult\ExcellentResult.csproj", "{C03BAEEB-9A79-4060-8C05-E42B5FCC27BD}"
EndProject
Project("{FAE04EC0-301F-11D3-BF4B-00C04F79EFBC}") = "EvenOrOdd", "EvenOrOdd\EvenOrOdd.csproj", "{38BA12B7-B536-4A0A-A3C6-B4FCB3E6A00D}"
EndProject
Project("{FAE04EC0-301F-11D3-BF4B-00C04F79EFBC}") = "GreaterNumber", "GreaterNumber\GreaterNumber.csproj", "{C449B0D8-7BE4-4F84-82E1-6237AD9F6785}"
EndProject
Project("{FAE04EC0-301F-11D3-BF4B-00C04F79EFBC}") = "NumbersInText", "NumbersInText\NumbersInText.csproj", "{3CFE56AC-D6FB-45F8-A104-997268A38DF7}"
EndProject
Project("{FAE04EC0-301F-11D3-BF4B-00C04F79EFBC}") = "BonusScore", "BonusScore\BonusScore.csproj", "{54D39C16-7DA8-449F-924A-096C8AD64C83}"
EndProject
Project("{FAE04EC0-301F-11D3-BF4B-00C04F79EFBC}") = "SumSeconds", "SumSeconds\SumSeconds.csproj", "{28F31E03-A90C-4220-8F22-AA580FC1408B}"
EndProject
Project("{FAE04EC0-301F-11D3-BF4B-00C04F79EFBC}") = "MetricConverter", "MetricConverter\MetricConverter.csproj", "{897A8B08-9D0E-4C62-AF5B-C957E7055271}"
EndProject
Project("{FAE04EC0-301F-11D3-BF4B-00C04F79EFBC}") = "PasswordGuess", "PasswordGuess\PasswordGuess.csproj", "{025C9C92-3541-4ADE-A7FF-BA81B4966E9D}"
EndProject
Project("{FAE04EC0-301F-11D3-BF4B-00C04F79EFBC}") = "NumbersHundreadTwoHundread", "NumbersHundreadTwoHundread\NumbersHundreadTwoHundread.csproj", "{B34CDF74-8280-4ABA-ACCE-5AC465CA0D18}"
EndProject
Project("{FAE04EC0-301F-11D3-BF4B-00C04F79EFBC}") = "EqualWords", "EqualWords\EqualWords.csproj", "{5F8C381C-1D2F-4423-AEF4-B3CF85BD2E0D}"
EndProject
Global
	GlobalSection(SolutionConfigurationPlatforms) = preSolution
		Debug|Any CPU = Debug|Any CPU
		Release|Any CPU = Release|Any CPU
	EndGlobalSection
	GlobalSection(ProjectConfigurationPlatforms) = postSolution
		{C03BAEEB-9A79-4060-8C05-E42B5FCC27BD}.Debug|Any CPU.ActiveCfg = Debug|Any CPU
		{C03BAEEB-9A79-4060-8C05-E42B5FCC27BD}.Debug|Any CPU.Build.0 = Debug|Any CPU
		{C03BAEEB-9A79-4060-8C05-E42B5FCC27BD}.Release|Any CPU.ActiveCfg = Release|Any CPU
		{C03BAEEB-9A79-4060-8C05-E42B5FCC27BD}.Release|Any CPU.Build.0 = Release|Any CPU
		{38BA12B7-B536-4A0A-A3C6-B4FCB3E6A00D}.Debug|Any CPU.ActiveCfg = Debug|Any CPU
		{38BA12B7-B536-4A0A-A3C6-B4FCB3E6A00D}.Debug|Any CPU.Build.0 = Debug|Any CPU
		{38BA12B7-B536-4A0A-A3C6-B4FCB3E6A00D}.Release|Any CPU.ActiveCfg = Release|Any CPU
		{38BA12B7-B536-4A0A-A3C6-B4FCB3E6A00D}.Release|Any CPU.Build.0 = Release|Any CPU
		{C449B0D8-7BE4-4F84-82E1-6237AD9F6785}.Debug|Any CPU.ActiveCfg = Debug|Any CPU
		{C449B0D8-7BE4-4F84-82E1-6237AD9F6785}.Debug|Any CPU.Build.0 = Debug|Any CPU
		{C449B0D8-7BE4-4F84-82E1-6237AD9F6785}.Release|Any CPU.ActiveCfg = Release|Any CPU
		{C449B0D8-7BE4-4F84-82E1-6237AD9F6785}.Release|Any CPU.Build.0 = Release|Any CPU
		{3CFE56AC-D6FB-45F8-A104-997268A38DF7}.Debug|Any CPU.ActiveCfg = Debug|Any CPU
		{3CFE56AC-D6FB-45F8-A104-997268A38DF7}.Debug|Any CPU.Build.0 = Debug|Any CPU
		{3CFE56AC-D6FB-45F8-A104-997268A38DF7}.Release|Any CPU.ActiveCfg = Release|Any CPU
		{3CFE56AC-D6FB-45F8-A104-997268A38DF7}.Release|Any CPU.Build.0 = Release|Any CPU
		{54D39C16-7DA8-449F-924A-096C8AD64C83}.Debug|Any CPU.ActiveCfg = Debug|Any CPU
		{54D39C16-7DA8-449F-924A-096C8AD64C83}.Debug|Any CPU.Build.0 = Debug|Any CPU
		{54D39C16-7DA8-449F-924A-096C8AD64C83}.Release|Any CPU.ActiveCfg = Release|Any CPU
		{54D39C16-7DA8-449F-924A-096C8AD64C83}.Release|Any CPU.Build.0 = Release|Any CPU
		{28F31E03-A90C-4220-8F22-AA580FC1408B}.Debug|Any CPU.ActiveCfg = Debug|Any CPU
		{28F31E03-A90C-4220-8F22-AA580FC1408B}.Debug|Any CPU.Build.0 = Debug|Any CPU
		{28F31E03-A90C-4220-8F22-AA580FC1408B}.Release|Any CPU.ActiveCfg = Release|Any CPU
		{28F31E03-A90C-4220-8F22-AA580FC1408B}.Release|Any CPU.Build.0 = Release|Any CPU
		{897A8B08-9D0E-4C62-AF5B-C957E7055271}.Debug|Any CPU.ActiveCfg = Debug|Any CPU
		{897A8B08-9D0E-4C62-AF5B-C957E7055271}.Debug|Any CPU.Build.0 = Debug|Any CPU
		{897A8B08-9D0E-4C62-AF5B-C957E7055271}.Release|Any CPU.ActiveCfg = Release|Any CPU
		{897A8B08-9D0E-4C62-AF5B-C957E7055271}.Release|Any CPU.Build.0 = Release|Any CPU
		{025C9C92-3541-4ADE-A7FF-BA81B4966E9D}.Debug|Any CPU.ActiveCfg = Debug|Any CPU
		{025C9C92-3541-4ADE-A7FF-BA81B4966E9D}.Debug|Any CPU.Build.0 = Debug|Any CPU
		{025C9C92-3541-4ADE-A7FF-BA81B4966E9D}.Release|Any CPU.ActiveCfg = Release|Any CPU
		{025C9C92-3541-4ADE-A7FF-BA81B4966E9D}.Release|Any CPU.Build.0 = Release|Any CPU
		{B34CDF74-8280-4ABA-ACCE-5AC465CA0D18}.Debug|Any CPU.ActiveCfg = Debug|Any CPU
		{B34CDF74-8280-4ABA-ACCE-5AC465CA0D18}.Debug|Any CPU.Build.0 = Debug|Any CPU
		{B34CDF74-8280-4ABA-ACCE-5AC465CA0D18}.Release|Any CPU.ActiveCfg = Release|Any CPU
		{B34CDF74-8280-4ABA-ACCE-5AC465CA0D18}.Release|Any CPU.Build.0 = Release|Any CPU
		{5F8C381C-1D2F-4423-AEF4-B3CF85BD2E0D}.Debug|Any CPU.ActiveCfg = Debug|Any CPU
		{5F8C381C-1D2F-4423-AEF4-B3CF85BD2E0D}.Debug|Any CPU.Build.0 = Debug|Any CPU
		{5F8C381C-1D2F-4423-AEF4-B3CF85BD2E0D}.Release|Any CPU.ActiveCfg = Release|Any CPU
		{5F8C381C-1D2F-4423-AEF4-B3CF85BD2E0D}.Release|Any CPU.Build.0 = Release|Any CPU
	EndGlobalSection
	GlobalSection(SolutionProperties) = preSolution
		HideSolutionNode = FALSE
	EndGlobalSection
EndGlobal
