
Microsoft Visual Studio Solution File, Format Version 12.00
# Visual Studio 14
VisualStudioVersion = 14.0.25420.1
MinimumVisualStudioVersion = 10.0.40219.1
Project("{FAE04EC0-301F-11D3-BF4B-00C04F79EFBC}") = "AExamTask", "AExamTask\AExamTask.csproj", "{EA418CB3-27E6-43EF-BF58-BE81EAFC7C47}"
EndProject
Project("{FAE04EC0-301F-11D3-BF4B-00C04F79EFBC}") = "BExamTask", "BExamTask\BExamTask.csproj", "{778DF739-E412-4DC6-AADB-7E104964E9D1}"
EndProject
Project("{FAE04EC0-301F-11D3-BF4B-00C04F79EFBC}") = "CExamTask", "CExamTask\CExamTask.csproj", "{D9C5BD48-3045-4B57-9272-678AD6AA1C3A}"
EndProject
Project("{FAE04EC0-301F-11D3-BF4B-00C04F79EFBC}") = "DExamTask", "DExamTask\DExamTask.csproj", "{F78B1FA4-74D8-4F65-A9B8-4E8D42BA9F1F}"
EndProject
Project("{FAE04EC0-301F-11D3-BF4B-00C04F79EFBC}") = "EExamTask", "EExamTask\EExamTask.csproj", "{8E331725-DB82-47B6-B258-D90CCCD81158}"
EndProject
Project("{FAE04EC0-301F-11D3-BF4B-00C04F79EFBC}") = "FExamTask", "FExamTask\FExamTask.csproj", "{57984DB9-65CF-4C10-9F4E-E776094FBDEA}"
EndProject
Global
	GlobalSection(SolutionConfigurationPlatforms) = preSolution
		Debug|Any CPU = Debug|Any CPU
		Release|Any CPU = Release|Any CPU
	EndGlobalSection
	GlobalSection(ProjectConfigurationPlatforms) = postSolution
		{EA418CB3-27E6-43EF-BF58-BE81EAFC7C47}.Debug|Any CPU.ActiveCfg = Debug|Any CPU
		{EA418CB3-27E6-43EF-BF58-BE81EAFC7C47}.Debug|Any CPU.Build.0 = Debug|Any CPU
		{EA418CB3-27E6-43EF-BF58-BE81EAFC7C47}.Release|Any CPU.ActiveCfg = Release|Any CPU
		{EA418CB3-27E6-43EF-BF58-BE81EAFC7C47}.Release|Any CPU.Build.0 = Release|Any CPU
		{778DF739-E412-4DC6-AADB-7E104964E9D1}.Debug|Any CPU.ActiveCfg = Debug|Any CPU
		{778DF739-E412-4DC6-AADB-7E104964E9D1}.Debug|Any CPU.Build.0 = Debug|Any CPU
		{778DF739-E412-4DC6-AADB-7E104964E9D1}.Release|Any CPU.ActiveCfg = Release|Any CPU
		{778DF739-E412-4DC6-AADB-7E104964E9D1}.Release|Any CPU.Build.0 = Release|Any CPU
		{D9C5BD48-3045-4B57-9272-678AD6AA1C3A}.Debug|Any CPU.ActiveCfg = Debug|Any CPU
		{D9C5BD48-3045-4B57-9272-678AD6AA1C3A}.Debug|Any CPU.Build.0 = Debug|Any CPU
		{D9C5BD48-3045-4B57-9272-678AD6AA1C3A}.Release|Any CPU.ActiveCfg = Release|Any CPU
		{D9C5BD48-3045-4B57-9272-678AD6AA1C3A}.Release|Any CPU.Build.0 = Release|Any CPU
		{F78B1FA4-74D8-4F65-A9B8-4E8D42BA9F1F}.Debug|Any CPU.ActiveCfg = Debug|Any CPU
		{F78B1FA4-74D8-4F65-A9B8-4E8D42BA9F1F}.Debug|Any CPU.Build.0 = Debug|Any CPU
		{F78B1FA4-74D8-4F65-A9B8-4E8D42BA9F1F}.Release|Any CPU.ActiveCfg = Release|Any CPU
		{F78B1FA4-74D8-4F65-A9B8-4E8D42BA9F1F}.Release|Any CPU.Build.0 = Release|Any CPU
		{8E331725-DB82-47B6-B258-D90CCCD81158}.Debug|Any CPU.ActiveCfg = Debug|Any CPU
		{8E331725-DB82-47B6-B258-D90CCCD81158}.Debug|Any CPU.Build.0 = Debug|Any CPU
		{8E331725-DB82-47B6-B258-D90CCCD81158}.Release|Any CPU.ActiveCfg = Release|Any CPU
		{8E331725-DB82-47B6-B258-D90CCCD81158}.Release|Any CPU.Build.0 = Release|Any CPU
		{57984DB9-65CF-4C10-9F4E-E776094FBDEA}.Debug|Any CPU.ActiveCfg = Debug|Any CPU
		{57984DB9-65CF-4C10-9F4E-E776094FBDEA}.Debug|Any CPU.Build.0 = Debug|Any CPU
		{57984DB9-65CF-4C10-9F4E-E776094FBDEA}.Release|Any CPU.ActiveCfg = Release|Any CPU
		{57984DB9-65CF-4C10-9F4E-E776094FBDEA}.Release|Any CPU.Build.0 = Release|Any CPU
	EndGlobalSection
	GlobalSection(SolutionProperties) = preSolution
		HideSolutionNode = FALSE
	EndGlobalSection
EndGlobal
