
Microsoft Visual Studio Solution File, Format Version 12.00
# Visual Studio 14
VisualStudioVersion = 14.0.25420.1
MinimumVisualStudioVersion = 10.0.40219.1
Project("{FAE04EC0-301F-11D3-BF4B-00C04F79EFBC}") = "TransportPrice", "TransportPrice\TransportPrice.csproj", "{FC12E838-C0E1-4956-A572-8F0FF1F43466}"
EndProject
Project("{FAE04EC0-301F-11D3-BF4B-00C04F79EFBC}") = "OnTimeForTheExam", "OnTimeForTheExam\OnTimeForTheExam.csproj", "{BE1FBBC9-F13B-4F34-8E68-D4F1FC93BC8F}"
EndProject
Project("{FAE04EC0-301F-11D3-BF4B-00C04F79EFBC}") = "Histogram", "Histogram\Histogram.csproj", "{40021E2E-772D-46EE-8D0F-A736E3454F95}"
EndProject
Project("{FAE04EC0-301F-11D3-BF4B-00C04F79EFBC}") = "StupidPasswordGenerator", "StupidPasswordGenerator\StupidPasswordGenerator.csproj", "{128104AC-9274-4553-A4B5-0612B0297E2A}"
EndProject
Global
	GlobalSection(SolutionConfigurationPlatforms) = preSolution
		Debug|Any CPU = Debug|Any CPU
		Release|Any CPU = Release|Any CPU
	EndGlobalSection
	GlobalSection(ProjectConfigurationPlatforms) = postSolution
		{FC12E838-C0E1-4956-A572-8F0FF1F43466}.Debug|Any CPU.ActiveCfg = Debug|Any CPU
		{FC12E838-C0E1-4956-A572-8F0FF1F43466}.Debug|Any CPU.Build.0 = Debug|Any CPU
		{FC12E838-C0E1-4956-A572-8F0FF1F43466}.Release|Any CPU.ActiveCfg = Release|Any CPU
		{FC12E838-C0E1-4956-A572-8F0FF1F43466}.Release|Any CPU.Build.0 = Release|Any CPU
		{BE1FBBC9-F13B-4F34-8E68-D4F1FC93BC8F}.Debug|Any CPU.ActiveCfg = Debug|Any CPU
		{BE1FBBC9-F13B-4F34-8E68-D4F1FC93BC8F}.Debug|Any CPU.Build.0 = Debug|Any CPU
		{BE1FBBC9-F13B-4F34-8E68-D4F1FC93BC8F}.Release|Any CPU.ActiveCfg = Release|Any CPU
		{BE1FBBC9-F13B-4F34-8E68-D4F1FC93BC8F}.Release|Any CPU.Build.0 = Release|Any CPU
		{40021E2E-772D-46EE-8D0F-A736E3454F95}.Debug|Any CPU.ActiveCfg = Debug|Any CPU
		{40021E2E-772D-46EE-8D0F-A736E3454F95}.Debug|Any CPU.Build.0 = Debug|Any CPU
		{40021E2E-772D-46EE-8D0F-A736E3454F95}.Release|Any CPU.ActiveCfg = Release|Any CPU
		{40021E2E-772D-46EE-8D0F-A736E3454F95}.Release|Any CPU.Build.0 = Release|Any CPU
		{128104AC-9274-4553-A4B5-0612B0297E2A}.Debug|Any CPU.ActiveCfg = Debug|Any CPU
		{128104AC-9274-4553-A4B5-0612B0297E2A}.Debug|Any CPU.Build.0 = Debug|Any CPU
		{128104AC-9274-4553-A4B5-0612B0297E2A}.Release|Any CPU.ActiveCfg = Release|Any CPU
		{128104AC-9274-4553-A4B5-0612B0297E2A}.Release|Any CPU.Build.0 = Release|Any CPU
	EndGlobalSection
	GlobalSection(SolutionProperties) = preSolution
		HideSolutionNode = FALSE
	EndGlobalSection
EndGlobal
