
Microsoft Visual Studio Solution File, Format Version 12.00
# Visual Studio 14
VisualStudioVersion = 14.0.25420.1
MinimumVisualStudioVersion = 10.0.40219.1
Project("{FAE04EC0-301F-11D3-BF4B-00C04F79EFBC}") = "Voleyball", "Voleyball\Voleyball.csproj", "{BBF94605-0F7B-4CC8-8DCD-42FDB90D0A09}"
EndProject
Project("{FAE04EC0-301F-11D3-BF4B-00C04F79EFBC}") = "FirstPersonalTitles", "FirstPersonalTitles\FirstPersonalTitles.csproj", "{94ECD05B-BB93-4C84-94FE-AD1DA552BAC0}"
EndProject
Project("{FAE04EC0-301F-11D3-BF4B-00C04F79EFBC}") = "SecondSmallShop", "ThirdSmallShop\SecondSmallShop.csproj", "{FBBD8BBE-7A4F-4CF3-B757-61A01E17AB54}"
EndProject
Project("{FAE04EC0-301F-11D3-BF4B-00C04F79EFBC}") = "ThirdPointInRectangle", "ThirdPointInRectangle\ThirdPointInRectangle.csproj", "{1CF557C6-3B07-48CC-A8FC-1CC66373C2AF}"
EndProject
Project("{FAE04EC0-301F-11D3-BF4B-00C04F79EFBC}") = "FourthFruitOrVegetable", "FourthFruitOrVegetable\FourthFruitOrVegetable.csproj", "{8324F684-BC89-497A-AC97-AB2CC7A98590}"
EndProject
Project("{FAE04EC0-301F-11D3-BF4B-00C04F79EFBC}") = "FifthInvalidNumber", "FifthInvalidNumber\FifthInvalidNumber.csproj", "{9D345A23-24AF-477E-8127-5A72C053AC75}"
EndProject
Project("{FAE04EC0-301F-11D3-BF4B-00C04F79EFBC}") = "SixthPointOnRectangleBorder", "SixthPointOnRectangleBorder\SixthPointOnRectangleBorder.csproj", "{1472ADB7-9F90-49FD-9118-DF364E0DCDA3}"
EndProject
Global
	GlobalSection(SolutionConfigurationPlatforms) = preSolution
		Debug|Any CPU = Debug|Any CPU
		Release|Any CPU = Release|Any CPU
	EndGlobalSection
	GlobalSection(ProjectConfigurationPlatforms) = postSolution
		{BBF94605-0F7B-4CC8-8DCD-42FDB90D0A09}.Debug|Any CPU.ActiveCfg = Debug|Any CPU
		{BBF94605-0F7B-4CC8-8DCD-42FDB90D0A09}.Debug|Any CPU.Build.0 = Debug|Any CPU
		{BBF94605-0F7B-4CC8-8DCD-42FDB90D0A09}.Release|Any CPU.ActiveCfg = Release|Any CPU
		{BBF94605-0F7B-4CC8-8DCD-42FDB90D0A09}.Release|Any CPU.Build.0 = Release|Any CPU
		{94ECD05B-BB93-4C84-94FE-AD1DA552BAC0}.Debug|Any CPU.ActiveCfg = Debug|Any CPU
		{94ECD05B-BB93-4C84-94FE-AD1DA552BAC0}.Debug|Any CPU.Build.0 = Debug|Any CPU
		{94ECD05B-BB93-4C84-94FE-AD1DA552BAC0}.Release|Any CPU.ActiveCfg = Release|Any CPU
		{94ECD05B-BB93-4C84-94FE-AD1DA552BAC0}.Release|Any CPU.Build.0 = Release|Any CPU
		{FBBD8BBE-7A4F-4CF3-B757-61A01E17AB54}.Debug|Any CPU.ActiveCfg = Debug|Any CPU
		{FBBD8BBE-7A4F-4CF3-B757-61A01E17AB54}.Debug|Any CPU.Build.0 = Debug|Any CPU
		{FBBD8BBE-7A4F-4CF3-B757-61A01E17AB54}.Release|Any CPU.ActiveCfg = Release|Any CPU
		{FBBD8BBE-7A4F-4CF3-B757-61A01E17AB54}.Release|Any CPU.Build.0 = Release|Any CPU
		{1CF557C6-3B07-48CC-A8FC-1CC66373C2AF}.Debug|Any CPU.ActiveCfg = Debug|Any CPU
		{1CF557C6-3B07-48CC-A8FC-1CC66373C2AF}.Debug|Any CPU.Build.0 = Debug|Any CPU
		{1CF557C6-3B07-48CC-A8FC-1CC66373C2AF}.Release|Any CPU.ActiveCfg = Release|Any CPU
		{1CF557C6-3B07-48CC-A8FC-1CC66373C2AF}.Release|Any CPU.Build.0 = Release|Any CPU
		{8324F684-BC89-497A-AC97-AB2CC7A98590}.Debug|Any CPU.ActiveCfg = Debug|Any CPU
		{8324F684-BC89-497A-AC97-AB2CC7A98590}.Debug|Any CPU.Build.0 = Debug|Any CPU
		{8324F684-BC89-497A-AC97-AB2CC7A98590}.Release|Any CPU.ActiveCfg = Release|Any CPU
		{8324F684-BC89-497A-AC97-AB2CC7A98590}.Release|Any CPU.Build.0 = Release|Any CPU
		{9D345A23-24AF-477E-8127-5A72C053AC75}.Debug|Any CPU.ActiveCfg = Debug|Any CPU
		{9D345A23-24AF-477E-8127-5A72C053AC75}.Debug|Any CPU.Build.0 = Debug|Any CPU
		{9D345A23-24AF-477E-8127-5A72C053AC75}.Release|Any CPU.ActiveCfg = Release|Any CPU
		{9D345A23-24AF-477E-8127-5A72C053AC75}.Release|Any CPU.Build.0 = Release|Any CPU
		{1472ADB7-9F90-49FD-9118-DF364E0DCDA3}.Debug|Any CPU.ActiveCfg = Debug|Any CPU
		{1472ADB7-9F90-49FD-9118-DF364E0DCDA3}.Debug|Any CPU.Build.0 = Debug|Any CPU
		{1472ADB7-9F90-49FD-9118-DF364E0DCDA3}.Release|Any CPU.ActiveCfg = Release|Any CPU
		{1472ADB7-9F90-49FD-9118-DF364E0DCDA3}.Release|Any CPU.Build.0 = Release|Any CPU
	EndGlobalSection
	GlobalSection(SolutionProperties) = preSolution
		HideSolutionNode = FALSE
	EndGlobalSection
EndGlobal
